// !$*UTF8*$!
{
	archiveVersion = 1;
	classes = {
	};
	objectVersion = 50;
	objects = {

/* Begin PBXBuildFile section */
		3D7E42942325027C00B708F4 /* AppDelegate.swift in Sources */ = {isa = PBXBuildFile; fileRef = 3D7E42932325027C00B708F4 /* AppDelegate.swift */; };
		3D7E42962325027C00B708F4 /* ViewController.swift in Sources */ = {isa = PBXBuildFile; fileRef = 3D7E42952325027C00B708F4 /* ViewController.swift */; };
		3D7E42992325027C00B708F4 /* Main.storyboard in Resources */ = {isa = PBXBuildFile; fileRef = 3D7E42972325027C00B708F4 /* Main.storyboard */; };
		3D7E429B2325027D00B708F4 /* Assets.xcassets in Resources */ = {isa = PBXBuildFile; fileRef = 3D7E429A2325027D00B708F4 /* Assets.xcassets */; };
		3D7E429E2325027D00B708F4 /* LaunchScreen.storyboard in Resources */ = {isa = PBXBuildFile; fileRef = 3D7E429C2325027D00B708F4 /* LaunchScreen.storyboard */; };
		3D7E42A92325027E00B708F4 /* SoyPobreTests.swift in Sources */ = {isa = PBXBuildFile; fileRef = 3D7E42A82325027E00B708F4 /* SoyPobreTests.swift */; };
		3D7E42B42325027E00B708F4 /* SoyPobreUITests.swift in Sources */ = {isa = PBXBuildFile; fileRef = 3D7E42B32325027E00B708F4 /* SoyPobreUITests.swift */; };
		3D7E42C42325079200B708F4 /* UIPaddingLabel.swift in Sources */ = {isa = PBXBuildFile; fileRef = 3D7E42C32325079200B708F4 /* UIPaddingLabel.swift */; };
/* End PBXBuildFile section */

/* Begin PBXContainerItemProxy section */
		3D7E42A52325027E00B708F4 /* PBXContainerItemProxy */ = {
			isa = PBXContainerItemProxy;
			containerPortal = 3D7E42882325027C00B708F4 /* Project object */;
			proxyType = 1;
			remoteGlobalIDString = 3D7E428F2325027C00B708F4;
			remoteInfo = SoyPobre;
		};
		3D7E42B02325027E00B708F4 /* PBXContainerItemProxy */ = {
			isa = PBXContainerItemProxy;
			containerPortal = 3D7E42882325027C00B708F4 /* Project object */;
			proxyType = 1;
			remoteGlobalIDString = 3D7E428F2325027C00B708F4;
			remoteInfo = SoyPobre;
		};
/* End PBXContainerItemProxy section */

/* Begin PBXFileReference section */
		3D7E42902325027C00B708F4 /* SoyPobre.app */ = {isa = PBXFileReference; explicitFileType = wrapper.application; includeInIndex = 0; path = SoyPobre.app; sourceTree = BUILT_PRODUCTS_DIR; };
		3D7E42932325027C00B708F4 /* AppDelegate.swift */ = {isa = PBXFileReference; lastKnownFileType = sourcecode.swift; path = AppDelegate.swift; sourceTree = "<group>"; };
		3D7E42952325027C00B708F4 /* ViewController.swift */ = {isa = PBXFileReference; lastKnownFileType = sourcecode.swift; path = ViewController.swift; sourceTree = "<group>"; };
		3D7E42982325027C00B708F4 /* Base */ = {isa = PBXFileReference; lastKnownFileType = file.storyboard; name = Base; path = Base.lproj/Main.storyboard; sourceTree = "<group>"; };
		3D7E429A2325027D00B708F4 /* Assets.xcassets */ = {isa = PBXFileReference; lastKnownFileType = folder.assetcatalog; path = Assets.xcassets; sourceTree = "<group>"; };
		3D7E429D2325027D00B708F4 /* Base */ = {isa = PBXFileReference; lastKnownFileType = file.storyboard; name = Base; path = Base.lproj/LaunchScreen.storyboard; sourceTree = "<group>"; };
		3D7E429F2325027D00B708F4 /* Info.plist */ = {isa = PBXFileReference; lastKnownFileType = text.plist.xml; path = Info.plist; sourceTree = "<group>"; };
		3D7E42A42325027E00B708F4 /* SoyPobreTests.xctest */ = {isa = PBXFileReference; explicitFileType = wrapper.cfbundle; includeInIndex = 0; path = SoyPobreTests.xctest; sourceTree = BUILT_PRODUCTS_DIR; };
		3D7E42A82325027E00B708F4 /* SoyPobreTests.swift */ = {isa = PBXFileReference; lastKnownFileType = sourcecode.swift; path = SoyPobreTests.swift; sourceTree = "<group>"; };
		3D7E42AA2325027E00B708F4 /* Info.plist */ = {isa = PBXFileReference; lastKnownFileType = text.plist.xml; path = Info.plist; sourceTree = "<group>"; };
		3D7E42AF2325027E00B708F4 /* SoyPobreUITests.xctest */ = {isa = PBXFileReference; explicitFileType = wrapper.cfbundle; includeInIndex = 0; path = SoyPobreUITests.xctest; sourceTree = BUILT_PRODUCTS_DIR; };
		3D7E42B32325027E00B708F4 /* SoyPobreUITests.swift */ = {isa = PBXFileReference; lastKnownFileType = sourcecode.swift; path = SoyPobreUITests.swift; sourceTree = "<group>"; };
		3D7E42B52325027E00B708F4 /* Info.plist */ = {isa = PBXFileReference; lastKnownFileType = text.plist.xml; path = Info.plist; sourceTree = "<group>"; };
		3D7E42C32325079200B708F4 /* UIPaddingLabel.swift */ = {isa = PBXFileReference; lastKnownFileType = sourcecode.swift; path = UIPaddingLabel.swift; sourceTree = "<group>"; };
/* End PBXFileReference section */

/* Begin PBXFrameworksBuildPhase section */
		3D7E428D2325027C00B708F4 /* Frameworks */ = {
			isa = PBXFrameworksBuildPhase;
			buildActionMask = 2147483647;
			files = (
			);
			runOnlyForDeploymentPostprocessing = 0;
		};
		3D7E42A12325027E00B708F4 /* Frameworks */ = {
			isa = PBXFrameworksBuildPhase;
			buildActionMask = 2147483647;
			files = (
			);
			runOnlyForDeploymentPostprocessing = 0;
		};
		3D7E42AC2325027E00B708F4 /* Frameworks */ = {
			isa = PBXFrameworksBuildPhase;
			buildActionMask = 2147483647;
			files = (
			);
			runOnlyForDeploymentPostprocessing = 0;
		};
/* End PBXFrameworksBuildPhase section */

/* Begin PBXGroup section */
		3D7E42872325027C00B708F4 = {
			isa = PBXGroup;
			children = (
				3D7E42922325027C00B708F4 /* SoyPobre */,
				3D7E42A72325027E00B708F4 /* SoyPobreTests */,
				3D7E42B22325027E00B708F4 /* SoyPobreUITests */,
				3D7E42912325027C00B708F4 /* Products */,
			);
			sourceTree = "<group>";
		};
		3D7E42912325027C00B708F4 /* Products */ = {
			isa = PBXGroup;
			children = (
				3D7E42902325027C00B708F4 /* SoyPobre.app */,
				3D7E42A42325027E00B708F4 /* SoyPobreTests.xctest */,
				3D7E42AF2325027E00B708F4 /* SoyPobreUITests.xctest */,
			);
			name = Products;
			sourceTree = "<group>";
		};
		3D7E42922325027C00B708F4 /* SoyPobre */ = {
			isa = PBXGroup;
			children = (
				3D7E42C32325079200B708F4 /* UIPaddingLabel.swift */,
				3D7E42932325027C00B708F4 /* AppDelegate.swift */,
				3D7E42952325027C00B708F4 /* ViewController.swift */,
				3D7E42972325027C00B708F4 /* Main.storyboard */,
				3D7E429A2325027D00B708F4 /* Assets.xcassets */,
				3D7E429C2325027D00B708F4 /* LaunchScreen.storyboard */,
				3D7E429F2325027D00B708F4 /* Info.plist */,
			);
			path = SoyPobre;
			sourceTree = "<group>";
		};
		3D7E42A72325027E00B708F4 /* SoyPobreTests */ = {
			isa = PBXGroup;
			children = (
				3D7E42A82325027E00B708F4 /* SoyPobreTests.swift */,
				3D7E42AA2325027E00B708F4 /* Info.plist */,
			);
			path = SoyPobreTests;
			sourceTree = "<group>";
		};
		3D7E42B22325027E00B708F4 /* SoyPobreUITests */ = {
			isa = PBXGroup;
			children = (
				3D7E42B32325027E00B708F4 /* SoyPobreUITests.swift */,
				3D7E42B52325027E00B708F4 /* Info.plist */,
			);
			path = SoyPobreUITests;
			sourceTree = "<group>";
		};
/* End PBXGroup section */

/* Begin PBXNativeTarget section */
		3D7E428F2325027C00B708F4 /* SoyPobre */ = {
			isa = PBXNativeTarget;
			buildConfigurationList = 3D7E42B82325027E00B708F4 /* Build configuration list for PBXNativeTarget "SoyPobre" */;
			buildPhases = (
				3D7E428C2325027C00B708F4 /* Sources */,
				3D7E428D2325027C00B708F4 /* Frameworks */,
				3D7E428E2325027C00B708F4 /* Resources */,
			);
			buildRules = (
			);
			dependencies = (
			);
			name = SoyPobre;
			productName = SoyPobre;
			productReference = 3D7E42902325027C00B708F4 /* SoyPobre.app */;
			productType = "com.apple.product-type.application";
		};
		3D7E42A32325027E00B708F4 /* SoyPobreTests */ = {
			isa = PBXNativeTarget;
			buildConfigurationList = 3D7E42BB2325027E00B708F4 /* Build configuration list for PBXNativeTarget "SoyPobreTests" */;
			buildPhases = (
				3D7E42A02325027E00B708F4 /* Sources */,
				3D7E42A12325027E00B708F4 /* Frameworks */,
				3D7E42A22325027E00B708F4 /* Resources */,
			);
			buildRules = (
			);
			dependencies = (
				3D7E42A62325027E00B708F4 /* PBXTargetDependency */,
			);
			name = SoyPobreTests;
			productName = SoyPobreTests;
			productReference = 3D7E42A42325027E00B708F4 /* SoyPobreTests.xctest */;
			productType = "com.apple.product-type.bundle.unit-test";
		};
		3D7E42AE2325027E00B708F4 /* SoyPobreUITests */ = {
			isa = PBXNativeTarget;
			buildConfigurationList = 3D7E42BE2325027E00B708F4 /* Build configuration list for PBXNativeTarget "SoyPobreUITests" */;
			buildPhases = (
				3D7E42AB2325027E00B708F4 /* Sources */,
				3D7E42AC2325027E00B708F4 /* Frameworks */,
				3D7E42AD2325027E00B708F4 /* Resources */,
			);
			buildRules = (
			);
			dependencies = (
				3D7E42B12325027E00B708F4 /* PBXTargetDependency */,
			);
			name = SoyPobreUITests;
			productName = SoyPobreUITests;
			productReference = 3D7E42AF2325027E00B708F4 /* SoyPobreUITests.xctest */;
			productType = "com.apple.product-type.bundle.ui-testing";
		};
/* End PBXNativeTarget section */

/* Begin PBXProject section */
		3D7E42882325027C00B708F4 /* Project object */ = {
			isa = PBXProject;
			attributes = {
				LastSwiftUpdateCheck = 1030;
				LastUpgradeCheck = 1030;
				ORGANIZATIONNAME = "Sergio Sánchez Sánchez";
				TargetAttributes = {
					3D7E428F2325027C00B708F4 = {
						CreatedOnToolsVersion = 10.3;
					};
					3D7E42A32325027E00B708F4 = {
						CreatedOnToolsVersion = 10.3;
						TestTargetID = 3D7E428F2325027C00B708F4;
					};
					3D7E42AE2325027E00B708F4 = {
						CreatedOnToolsVersion = 10.3;
						TestTargetID = 3D7E428F2325027C00B708F4;
					};
				};
			};
			buildConfigurationList = 3D7E428B2325027C00B708F4 /* Build configuration list for PBXProject "SoyPobre" */;
			compatibilityVersion = "Xcode 9.3";
			developmentRegion = en;
			hasScannedForEncodings = 0;
			knownRegions = (
				en,
				Base,
			);
			mainGroup = 3D7E42872325027C00B708F4;
			productRefGroup = 3D7E42912325027C00B708F4 /* Products */;
			projectDirPath = "";
			projectRoot = "";
			targets = (
				3D7E428F2325027C00B708F4 /* SoyPobre */,
				3D7E42A32325027E00B708F4 /* SoyPobreTests */,
				3D7E42AE2325027E00B708F4 /* SoyPobreUITests */,
			);
		};
/* End PBXProject section */

/* Begin PBXResourcesBuildPhase section */
		3D7E428E2325027C00B708F4 /* Resources */ = {
			isa = PBXResourcesBuildPhase;
			buildActionMask = 2147483647;
			files = (
				3D7E429E2325027D00B708F4 /* LaunchScreen.storyboard in Resources */,
				3D7E429B2325027D00B708F4 /* Assets.xcassets in Resources */,
				3D7E42992325027C00B708F4 /* Main.storyboard in Resources */,
			);
			runOnlyForDeploymentPostprocessing = 0;
		};
		3D7E42A22325027E00B708F4 /* Resources */ = {
			isa = PBXResourcesBuildPhase;
			buildActionMask = 2147483647;
			files = (
			);
			runOnlyForDeploymentPostprocessing = 0;
		};
		3D7E42AD2325027E00B708F4 /* Resources */ = {
			isa = PBXResourcesBuildPhase;
			buildActionMask = 2147483647;
			files = (
			);
			runOnlyForDeploymentPostprocessing = 0;
		};
/* End PBXResourcesBuildPhase section */

/* Begin PBXSourcesBuildPhase section */
		3D7E428C2325027C00B708F4 /* Sources */ = {
			isa = PBXSourcesBuildPhase;
			buildActionMask = 2147483647;
			files = (
				3D7E42962325027C00B708F4 /* ViewController.swift in Sources */,
				3D7E42C42325079200B708F4 /* UIPaddingLabel.swift in Sources */,
				3D7E42942325027C00B708F4 /* AppDelegate.swift in Sources */,
			);
			runOnlyForDeploymentPostprocessing = 0;
		};
		3D7E42A02325027E00B708F4 /* Sources */ = {
			isa = PBXSourcesBuildPhase;
			buildActionMask = 2147483647;
			files = (
				3D7E42A92325027E00B708F4 /* SoyPobreTests.swift in Sources */,
			);
			runOnlyForDeploymentPostprocessing = 0;
		};
		3D7E42AB2325027E00B708F4 /* Sources */ = {
			isa = PBXSourcesBuildPhase;
			buildActionMask = 2147483647;
			files = (
				3D7E42B42325027E00B708F4 /* SoyPobreUITests.swift in Sources */,
			);
			runOnlyForDeploymentPostprocessing = 0;
		};
/* End PBXSourcesBuildPhase section */

/* Begin PBXTargetDependency section */
		3D7E42A62325027E00B708F4 /* PBXTargetDependency */ = {
			isa = PBXTargetDependency;
			target = 3D7E428F2325027C00B708F4 /* SoyPobre */;
			targetProxy = 3D7E42A52325027E00B708F4 /* PBXContainerItemProxy */;
		};
		3D7E42B12325027E00B708F4 /* PBXTargetDependency */ = {
			isa = PBXTargetDependency;
			target = 3D7E428F2325027C00B708F4 /* SoyPobre */;
			targetProxy = 3D7E42B02325027E00B708F4 /* PBXContainerItemProxy */;
		};
/* End PBXTargetDependency section */

/* Begin PBXVariantGroup section */
		3D7E42972325027C00B708F4 /* Main.storyboard */ = {
			isa = PBXVariantGroup;
			children = (
				3D7E42982325027C00B708F4 /* Base */,
			);
			name = Main.storyboard;
			sourceTree = "<group>";
		};
		3D7E429C2325027D00B708F4 /* LaunchScreen.storyboard */ = {
			isa = PBXVariantGroup;
			children = (
				3D7E429D2325027D00B708F4 /* Base */,
			);
			name = LaunchScreen.storyboard;
			sourceTree = "<group>";
		};
/* End PBXVariantGroup section */

/* Begin XCBuildConfiguration section */
		3D7E42B62325027E00B708F4 /* Debug */ = {
			isa = XCBuildConfiguration;
			buildSettings = {
				ALWAYS_SEARCH_USER_PATHS = NO;
				CLANG_ANALYZER_NONNULL = YES;
				CLANG_ANALYZER_NUMBER_OBJECT_CONVERSION = YES_AGGRESSIVE;
				CLANG_CXX_LANGUAGE_STANDARD = "gnu++14";
				CLANG_CXX_LIBRARY = "libc++";
				CLANG_ENABLE_MODULES = YES;
				CLANG_ENABLE_OBJC_ARC = YES;
				CLANG_ENABLE_OBJC_WEAK = YES;
				CLANG_WARN_BLOCK_CAPTURE_AUTORELEASING = YES;
				CLANG_WARN_BOOL_CONVERSION = YES;
				CLANG_WARN_COMMA = YES;
				CLANG_WARN_CONSTANT_CONVERSION = YES;
				CLANG_WARN_DEPRECATED_OBJC_IMPLEMENTATIONS = YES;
				CLANG_WARN_DIRECT_OBJC_ISA_USAGE = YES_ERROR;
				CLANG_WARN_DOCUMENTATION_COMMENTS = YES;
				CLANG_WARN_EMPTY_BODY = YES;
				CLANG_WARN_ENUM_CONVERSION = YES;
				CLANG_WARN_INFINITE_RECURSION = YES;
				CLANG_WARN_INT_CONVERSION = YES;
				CLANG_WARN_NON_LITERAL_NULL_CONVERSION = YES;
				CLANG_WARN_OBJC_IMPLICIT_RETAIN_SELF = YES;
				CLANG_WARN_OBJC_LITERAL_CONVERSION = YES;
				CLANG_WARN_OBJC_ROOT_CLASS = YES_ERROR;
				CLANG_WARN_RANGE_LOOP_ANALYSIS = YES;
				CLANG_WARN_STRICT_PROTOTYPES = YES;
				CLANG_WARN_SUSPICIOUS_MOVE = YES;
				CLANG_WARN_UNGUARDED_AVAILABILITY = YES_AGGRESSIVE;
				CLANG_WARN_UNREACHABLE_CODE = YES;
				CLANG_WARN__DUPLICATE_METHOD_MATCH = YES;
				CODE_SIGN_IDENTITY = "iPhone Developer";
				COPY_PHASE_STRIP = NO;
				DEBUG_INFORMATION_FORMAT = dwarf;
				ENABLE_STRICT_OBJC_MSGSEND = YES;
				ENABLE_TESTABILITY = YES;
				GCC_C_LANGUAGE_STANDARD = gnu11;
				GCC_DYNAMIC_NO_PIC = NO;
				GCC_NO_COMMON_BLOCKS = YES;
				GCC_OPTIMIZATION_LEVEL = 0;
				GCC_PREPROCESSOR_DEFINITIONS = (
					"DEBUG=1",
					"$(inherited)",
				);
				GCC_WARN_64_TO_32_BIT_CONVERSION = YES;
				GCC_WARN_ABOUT_RETURN_TYPE = YES_ERROR;
				GCC_WARN_UNDECLARED_SELECTOR = YES;
				GCC_WARN_UNINITIALIZED_AUTOS = YES_AGGRESSIVE;
				GCC_WARN_UNUSED_FUNCTION = YES;
				GCC_WARN_UNUSED_VARIABLE = YES;
				IPHONEOS_DEPLOYMENT_TARGET = 12.4;
				MTL_ENABLE_DEBUG_INFO = INCLUDE_SOURCE;
				MTL_FAST_MATH = YES;
				ONLY_ACTIVE_ARCH = YES;
				SDKROOT = iphoneos;
				SWIFT_ACTIVE_COMPILATION_CONDITIONS = DEBUG;
				SWIFT_OPTIMIZATION_LEVEL = "-Onone";
			};
			name = Debug;
		};
		3D7E42B72325027E00B708F4 /* Release */ = {
			isa = XCBuildConfiguration;
			buildSettings = {
				ALWAYS_SEARCH_USER_PATHS = NO;
				CLANG_ANALYZER_NONNULL = YES;
				CLANG_ANALYZER_NUMBER_OBJECT_CONVERSION = YES_AGGRESSIVE;
				CLANG_CXX_LANGUAGE_STANDARD = "gnu++14";
				CLANG_CXX_LIBRARY = "libc++";
				CLANG_ENABLE_MODULES = YES;
				CLANG_ENABLE_OBJC_ARC = YES;
				CLANG_ENABLE_OBJC_WEAK = YES;
				CLANG_WARN_BLOCK_CAPTURE_AUTORELEASING = YES;
				CLANG_WARN_BOOL_CONVERSION = YES;
				CLANG_WARN_COMMA = YES;
				CLANG_WARN_CONSTANT_CONVERSION = YES;
				CLANG_WARN_DEPRECATED_OBJC_IMPLEMENTATIONS = YES;
				CLANG_WARN_DIRECT_OBJC_ISA_USAGE = YES_ERROR;
				CLANG_WARN_DOCUMENTATION_COMMENTS = YES;
				CLANG_WARN_EMPTY_BODY = YES;
				CLANG_WARN_ENUM_CONVERSION = YES;
				CLANG_WARN_INFINITE_RECURSION = YES;
				CLANG_WARN_INT_CONVERSION = YES;
				CLANG_WARN_NON_LITERAL_NULL_CONVERSION = YES;
				CLANG_WARN_OBJC_IMPLICIT_RETAIN_SELF = YES;
				CLANG_WARN_OBJC_LITERAL_CONVERSION = YES;
				CLANG_WARN_OBJC_ROOT_CLASS = YES_ERROR;
				CLANG_WARN_RANGE_LOOP_ANALYSIS = YES;
				CLANG_WARN_STRICT_PROTOTYPES = YES;
				CLANG_WARN_SUSPICIOUS_MOVE = YES;
				CLANG_WARN_UNGUARDED_AVAILABILITY = YES_AGGRESSIVE;
				CLANG_WARN_UNREACHABLE_CODE = YES;
				CLANG_WARN__DUPLICATE_METHOD_MATCH = YES;
				CODE_SIGN_IDENTITY = "iPhone Developer";
				COPY_PHASE_STRIP = NO;
				DEBUG_INFORMATION_FORMAT = "dwarf-with-dsym";
				ENABLE_NS_ASSERTIONS = NO;
				ENABLE_STRICT_OBJC_MSGSEND = YES;
				GCC_C_LANGUAGE_STANDARD = gnu11;
				GCC_NO_COMMON_BLOCKS = YES;
				GCC_WARN_64_TO_32_BIT_CONVERSION = YES;
				GCC_WARN_ABOUT_RETURN_TYPE = YES_ERROR;
				GCC_WARN_UNDECLARED_SELECTOR = YES;
				GCC_WARN_UNINITIALIZED_AUTOS = YES_AGGRESSIVE;
				GCC_WARN_UNUSED_FUNCTION = YES;
				GCC_WARN_UNUSED_VARIABLE = YES;
				IPHONEOS_DEPLOYMENT_TARGET = 12.4;
				MTL_ENABLE_DEBUG_INFO = NO;
				MTL_FAST_MATH = YES;
				SDKROOT = iphoneos;
				SWIFT_COMPILATION_MODE = wholemodule;
				SWIFT_OPTIMIZATION_LEVEL = "-O";
				VALIDATE_PRODUCT = YES;
			};
			name = Release;
		};
		3D7E42B92325027E00B708F4 /* Debug */ = {
			isa = XCBuildConfiguration;
			buildSettings = {
				ASSETCATALOG_COMPILER_APPICON_NAME = AppIcon;
				CODE_SIGN_STYLE = Automatic;
				DEVELOPMENT_TEAM = PX63F4TNY3;
				INFOPLIST_FILE = SoyPobre/Info.plist;
				LD_RUNPATH_SEARCH_PATHS = (
					"$(inherited)",
					"@executable_path/Frameworks",
				);
				PRODUCT_BUNDLE_IDENTIFIER = com.dreamsoftware92.soypobre.SoyPobre;
				PRODUCT_NAME = "$(TARGET_NAME)";
				SWIFT_VERSION = 5.0;
				TARGETED_DEVICE_FAMILY = "1,2";
			};
			name = Debug;
		};
		3D7E42BA2325027E00B708F4 /* Release */ = {
			isa = XCBuildConfiguration;
			buildSettings = {
				ASSETCATALOG_COMPILER_APPICON_NAME = AppIcon;
				CODE_SIGN_STYLE = Automatic;
				DEVELOPMENT_TEAM = PX63F4TNY3;
				INFOPLIST_FILE = SoyPobre/Info.plist;
				LD_RUNPATH_SEARCH_PATHS = (
					"$(inherited)",
					"@executable_path/Frameworks",
				);
				PRODUCT_BUNDLE_IDENTIFIER = com.dreamsoftware92.soypobre.SoyPobre;
				PRODUCT_NAME = "$(TARGET_NAME)";
				SWIFT_VERSION = 5.0;
				TARGETED_DEVICE_FAMILY = "1,2";
			};
			name = Release;
		};
		3D7E42BC2325027E00B708F4 /* Debug */ = {
			isa = XCBuildConfiguration;
			buildSettings = {
				ALWAYS_EMBED_SWIFT_STANDARD_LIBRARIES = YES;
				BUNDLE_LOADER = "$(TEST_HOST)";
				CODE_SIGN_STYLE = Automatic;
				DEVELOPMENT_TEAM = PX63F4TNY3;
				INFOPLIST_FILE = SoyPobreTests/Info.plist;
				LD_RUNPATH_SEARCH_PATHS = (
					"$(inherited)",
					"@executable_path/Frameworks",
					"@loader_path/Frameworks",
				);
				PRODUCT_BUNDLE_IDENTIFIER = com.dreamsoftware92.soypobre.SoyPobreTests;
				PRODUCT_NAME = "$(TARGET_NAME)";
				SWIFT_VERSION = 5.0;
				TARGETED_DEVICE_FAMILY = "1,2";
				TEST_HOST = "$(BUILT_PRODUCTS_DIR)/SoyPobre.app/SoyPobre";
			};
			name = Debug;
		};
		3D7E42BD2325027E00B708F4 /* Release */ = {
			isa = XCBuildConfiguration;
			buildSettings = {
				ALWAYS_EMBED_SWIFT_STANDARD_LIBRARIES = YES;
				BUNDLE_LOADER = "$(TEST_HOST)";
				CODE_SIGN_STYLE = Automatic;
				DEVELOPMENT_TEAM = PX63F4TNY3;
				INFOPLIST_FILE = SoyPobreTests/Info.plist;
				LD_RUNPATH_SEARCH_PATHS = (
					"$(inherited)",
					"@executable_path/Frameworks",
					"@loader_path/Frameworks",
				);
				PRODUCT_BUNDLE_IDENTIFIER = com.dreamsoftware92.soypobre.SoyPobreTests;
				PRODUCT_NAME = "$(TARGET_NAME)";
				SWIFT_VERSION = 5.0;
				TARGETED_DEVICE_FAMILY = "1,2";
				TEST_HOST = "$(BUILT_PRODUCTS_DIR)/SoyPobre.app/SoyPobre";
			};
			name = Release;
		};
		3D7E42BF2325027E00B708F4 /* Debug */ = {
			isa = XCBuildConfiguration;
			buildSettings = {
				ALWAYS_EMBED_SWIFT_STANDARD_LIBRARIES = YES;
				CODE_SIGN_STYLE = Automatic;
				DEVELOPMENT_TEAM = PX63F4TNY3;
				INFOPLIST_FILE = SoyPobreUITests/Info.plist;
				LD_RUNPATH_SEARCH_PATHS = (
					"$(inherited)",
					"@executable_path/Frameworks",
					"@loader_path/Frameworks",
				);
				PRODUCT_BUNDLE_IDENTIFIER = com.dreamsoftware92.soypobre.SoyPobreUITests;
				PRODUCT_NAME = "$(TARGET_NAME)";
				SWIFT_VERSION = 5.0;
				TARGETED_DEVICE_FAMILY = "1,2";
				TEST_TARGET_NAME = SoyPobre;
			};
			name = Debug;
		};
		3D7E42C02325027E00B708F4 /* Release */ = {
			isa = XCBuildConfiguration;
			buildSettings = {
				ALWAYS_EMBED_SWIFT_STANDARD_LIBRARIES = YES;
				CODE_SIGN_STYLE = Automatic;
				DEVELOPMENT_TEAM = PX63F4TNY3;
				INFOPLIST_FILE = SoyPobreUITests/Info.plist;
				LD_RUNPATH_SEARCH_PATHS = (
					"$(inherited)",
					"@executable_path/Frameworks",
					"@loader_path/Frameworks",
				);
				PRODUCT_BUNDLE_IDENTIFIER = com.dreamsoftware92.soypobre.SoyPobreUITests;
				PRODUCT_NAME = "$(TARGET_NAME)";
				SWIFT_VERSION = 5.0;
				TARGETED_DEVICE_FAMILY = "1,2";
				TEST_TARGET_NAME = SoyPobre;
			};
			name = Release;
		};
/* End XCBuildConfiguration section */

/* Begin XCConfigurationList section */
		3D7E428B2325027C00B708F4 /* Build configuration list for PBXProject "SoyPobre" */ = {
			isa = XCConfigurationList;
			buildConfigurations = (
				3D7E42B62325027E00B708F4 /* Debug */,
				3D7E42B72325027E00B708F4 /* Release */,
			);
			defaultConfigurationIsVisible = 0;
			defaultConfigurationName = Release;
		};
		3D7E42B82325027E00B708F4 /* Build configuration list for PBXNativeTarget "SoyPobre" */ = {
			isa = XCConfigurationList;
			buildConfigurations = (
				3D7E42B92325027E00B708F4 /* Debug */,
				3D7E42BA2325027E00B708F4 /* Release */,
			);
			defaultConfigurationIsVisible = 0;
			defaultConfigurationName = Release;
		};
		3D7E42BB2325027E00B708F4 /* Build configuration list for PBXNativeTarget "SoyPobreTests" */ = {
			isa = XCConfigurationList;
			buildConfigurations = (
				3D7E42BC2325027E00B708F4 /* Debug */,
				3D7E42BD2325027E00B708F4 /* Release */,
			);
			defaultConfigurationIsVisible = 0;
			defaultConfigurationName = Release;
		};
		3D7E42BE2325027E00B708F4 /* Build configuration list for PBXNativeTarget "SoyPobreUITests" */ = {
			isa = XCConfigurationList;
			buildConfigurations = (
				3D7E42BF2325027E00B708F4 /* Debug */,
				3D7E42C02325027E00B708F4 /* Release */,
			);
			defaultConfigurationIsVisible = 0;
			defaultConfigurationName = Release;
		};
/* End XCConfigurationList section */
	};
	rootObject = 3D7E42882325027C00B708F4 /* Project object */;
}
