// !$*UTF8*$!
{
	archiveVersion = 1;
	classes = {
	};
	objectVersion = 56;
	objects = {

/* Begin PBXBuildFile section */
		3D216EE62D1EC84900F8B012 /* HoneymoonApp.swift in Sources */ = {isa = PBXBuildFile; fileRef = 3D216EE52D1EC84900F8B012 /* HoneymoonApp.swift */; };
		3D216EE82D1EC84900F8B012 /* ContentView.swift in Sources */ = {isa = PBXBuildFile; fileRef = 3D216EE72D1EC84900F8B012 /* ContentView.swift */; };
		3D216EEA2D1EC84B00F8B012 /* Assets.xcassets in Resources */ = {isa = PBXBuildFile; fileRef = 3D216EE92D1EC84B00F8B012 /* Assets.xcassets */; };
		3D216EED2D1EC84B00F8B012 /* Preview Assets.xcassets in Resources */ = {isa = PBXBuildFile; fileRef = 3D216EEC2D1EC84B00F8B012 /* Preview Assets.xcassets */; };
		3D216EF42D1ECAB400F8B012 /* Sounds in Resources */ = {isa = PBXBuildFile; fileRef = 3D216EF32D1ECAB400F8B012 /* Sounds */; };
		3D216EF82D1ED37700F8B012 /* Launch Screen.storyboard in Resources */ = {isa = PBXBuildFile; fileRef = 3D216EF72D1ED37700F8B012 /* Launch Screen.storyboard */; };
		3D216EFD2D1ED69000F8B012 /* HoneymoonModel.swift in Sources */ = {isa = PBXBuildFile; fileRef = 3D216EFC2D1ED69000F8B012 /* HoneymoonModel.swift */; };
		3D216EFF2D1ED6CC00F8B012 /* HoneymoonData.swift in Sources */ = {isa = PBXBuildFile; fileRef = 3D216EFE2D1ED6CC00F8B012 /* HoneymoonData.swift */; };
		3D216F032D1ED74B00F8B012 /* CardView.swift in Sources */ = {isa = PBXBuildFile; fileRef = 3D216F022D1ED74B00F8B012 /* CardView.swift */; };
		3D216F052D1ED96200F8B012 /* HeaderView.swift in Sources */ = {isa = PBXBuildFile; fileRef = 3D216F042D1ED96200F8B012 /* HeaderView.swift */; };
		3D216F072D1EDB6D00F8B012 /* FooterView.swift in Sources */ = {isa = PBXBuildFile; fileRef = 3D216F062D1EDB6D00F8B012 /* FooterView.swift */; };
		3D216F0B2D1EDCB600F8B012 /* HeaderComponent.swift in Sources */ = {isa = PBXBuildFile; fileRef = 3D216F0A2D1EDCB600F8B012 /* HeaderComponent.swift */; };
		3D216F0D2D1EDD3200F8B012 /* GuideComponent.swift in Sources */ = {isa = PBXBuildFile; fileRef = 3D216F0C2D1EDD3200F8B012 /* GuideComponent.swift */; };
		3D216F0F2D1EDF1000F8B012 /* GuideView.swift in Sources */ = {isa = PBXBuildFile; fileRef = 3D216F0E2D1EDF1000F8B012 /* GuideView.swift */; };
		3D980CC02D2150F1000B7336 /* InfoView.swift in Sources */ = {isa = PBXBuildFile; fileRef = 3D980CBF2D2150F1000B7336 /* InfoView.swift */; };
		3D980CC22D21516D000B7336 /* TitleModifier.swift in Sources */ = {isa = PBXBuildFile; fileRef = 3D980CC12D21516D000B7336 /* TitleModifier.swift */; };
		3D980CC52D21525D000B7336 /* ButtonModifier.swift in Sources */ = {isa = PBXBuildFile; fileRef = 3D980CC42D21525D000B7336 /* ButtonModifier.swift */; };
		3D980CC72D21609D000B7336 /* SymbolModifier.swift in Sources */ = {isa = PBXBuildFile; fileRef = 3D980CC62D21609D000B7336 /* SymbolModifier.swift */; };
		3D980CCA2D2163F3000B7336 /* CardTransition.swift in Sources */ = {isa = PBXBuildFile; fileRef = 3D980CC92D2163F3000B7336 /* CardTransition.swift */; };
/* End PBXBuildFile section */

/* Begin PBXFileReference section */
		3D216EE22D1EC84900F8B012 /* Honeymoon.app */ = {isa = PBXFileReference; explicitFileType = wrapper.application; includeInIndex = 0; path = Honeymoon.app; sourceTree = BUILT_PRODUCTS_DIR; };
		3D216EE52D1EC84900F8B012 /* HoneymoonApp.swift */ = {isa = PBXFileReference; lastKnownFileType = sourcecode.swift; path = HoneymoonApp.swift; sourceTree = "<group>"; };
		3D216EE72D1EC84900F8B012 /* ContentView.swift */ = {isa = PBXFileReference; lastKnownFileType = sourcecode.swift; path = ContentView.swift; sourceTree = "<group>"; };
		3D216EE92D1EC84B00F8B012 /* Assets.xcassets */ = {isa = PBXFileReference; lastKnownFileType = folder.assetcatalog; path = Assets.xcassets; sourceTree = "<group>"; };
		3D216EEC2D1EC84B00F8B012 /* Preview Assets.xcassets */ = {isa = PBXFileReference; lastKnownFileType = folder.assetcatalog; path = "Preview Assets.xcassets"; sourceTree = "<group>"; };
		3D216EF32D1ECAB400F8B012 /* Sounds */ = {isa = PBXFileReference; lastKnownFileType = folder; path = Sounds; sourceTree = "<group>"; };
		3D216EF72D1ED37700F8B012 /* Launch Screen.storyboard */ = {isa = PBXFileReference; lastKnownFileType = file.storyboard; path = "Launch Screen.storyboard"; sourceTree = "<group>"; };
		3D216EFC2D1ED69000F8B012 /* HoneymoonModel.swift */ = {isa = PBXFileReference; lastKnownFileType = sourcecode.swift; path = HoneymoonModel.swift; sourceTree = "<group>"; };
		3D216EFE2D1ED6CC00F8B012 /* HoneymoonData.swift */ = {isa = PBXFileReference; lastKnownFileType = sourcecode.swift; path = HoneymoonData.swift; sourceTree = "<group>"; };
		3D216F022D1ED74B00F8B012 /* CardView.swift */ = {isa = PBXFileReference; lastKnownFileType = sourcecode.swift; path = CardView.swift; sourceTree = "<group>"; };
		3D216F042D1ED96200F8B012 /* HeaderView.swift */ = {isa = PBXFileReference; lastKnownFileType = sourcecode.swift; path = HeaderView.swift; sourceTree = "<group>"; };
		3D216F062D1EDB6D00F8B012 /* FooterView.swift */ = {isa = PBXFileReference; lastKnownFileType = sourcecode.swift; path = FooterView.swift; sourceTree = "<group>"; };
		3D216F0A2D1EDCB600F8B012 /* HeaderComponent.swift */ = {isa = PBXFileReference; lastKnownFileType = sourcecode.swift; path = HeaderComponent.swift; sourceTree = "<group>"; };
		3D216F0C2D1EDD3200F8B012 /* GuideComponent.swift */ = {isa = PBXFileReference; lastKnownFileType = sourcecode.swift; path = GuideComponent.swift; sourceTree = "<group>"; };
		3D216F0E2D1EDF1000F8B012 /* GuideView.swift */ = {isa = PBXFileReference; lastKnownFileType = sourcecode.swift; path = GuideView.swift; sourceTree = "<group>"; };
		3D980CBF2D2150F1000B7336 /* InfoView.swift */ = {isa = PBXFileReference; lastKnownFileType = sourcecode.swift; path = InfoView.swift; sourceTree = "<group>"; };
		3D980CC12D21516D000B7336 /* TitleModifier.swift */ = {isa = PBXFileReference; lastKnownFileType = sourcecode.swift; path = TitleModifier.swift; sourceTree = "<group>"; };
		3D980CC42D21525D000B7336 /* ButtonModifier.swift */ = {isa = PBXFileReference; lastKnownFileType = sourcecode.swift; path = ButtonModifier.swift; sourceTree = "<group>"; };
		3D980CC62D21609D000B7336 /* SymbolModifier.swift */ = {isa = PBXFileReference; lastKnownFileType = sourcecode.swift; path = SymbolModifier.swift; sourceTree = "<group>"; };
		3D980CC92D2163F3000B7336 /* CardTransition.swift */ = {isa = PBXFileReference; lastKnownFileType = sourcecode.swift; path = CardTransition.swift; sourceTree = "<group>"; };
/* End PBXFileReference section */

/* Begin PBXFrameworksBuildPhase section */
		3D216EDF2D1EC84900F8B012 /* Frameworks */ = {
			isa = PBXFrameworksBuildPhase;
			buildActionMask = 2147483647;
			files = (
			);
			runOnlyForDeploymentPostprocessing = 0;
		};
/* End PBXFrameworksBuildPhase section */

/* Begin PBXGroup section */
		3D216ED92D1EC84800F8B012 = {
			isa = PBXGroup;
			children = (
				3D216EF72D1ED37700F8B012 /* Launch Screen.storyboard */,
				3D216EE42D1EC84900F8B012 /* Honeymoon */,
				3D216EE32D1EC84900F8B012 /* Products */,
			);
			sourceTree = "<group>";
		};
		3D216EE32D1EC84900F8B012 /* Products */ = {
			isa = PBXGroup;
			children = (
				3D216EE22D1EC84900F8B012 /* Honeymoon.app */,
			);
			name = Products;
			sourceTree = "<group>";
		};
		3D216EE42D1EC84900F8B012 /* Honeymoon */ = {
			isa = PBXGroup;
			children = (
				3D980CC82D2163DF000B7336 /* Extension */,
				3D980CC32D215194000B7336 /* Modifier */,
				3D216F092D1EDCAC00F8B012 /* Component */,
				3D216F012D1ED73B00F8B012 /* View */,
				3D216F002D1ED6D300F8B012 /* Data */,
				3D216EFB2D1ED67A00F8B012 /* Model */,
				3D216EF32D1ECAB400F8B012 /* Sounds */,
				3D216EE52D1EC84900F8B012 /* HoneymoonApp.swift */,
				3D216EE92D1EC84B00F8B012 /* Assets.xcassets */,
				3D216EEB2D1EC84B00F8B012 /* Preview Content */,
			);
			path = Honeymoon;
			sourceTree = "<group>";
		};
		3D216EEB2D1EC84B00F8B012 /* Preview Content */ = {
			isa = PBXGroup;
			children = (
				3D216EEC2D1EC84B00F8B012 /* Preview Assets.xcassets */,
			);
			path = "Preview Content";
			sourceTree = "<group>";
		};
		3D216EFB2D1ED67A00F8B012 /* Model */ = {
			isa = PBXGroup;
			children = (
				3D216EFC2D1ED69000F8B012 /* HoneymoonModel.swift */,
			);
			path = Model;
			sourceTree = "<group>";
		};
		3D216F002D1ED6D300F8B012 /* Data */ = {
			isa = PBXGroup;
			children = (
				3D216EFE2D1ED6CC00F8B012 /* HoneymoonData.swift */,
			);
			path = Data;
			sourceTree = "<group>";
		};
		3D216F012D1ED73B00F8B012 /* View */ = {
			isa = PBXGroup;
			children = (
				3D216EE72D1EC84900F8B012 /* ContentView.swift */,
				3D216F022D1ED74B00F8B012 /* CardView.swift */,
				3D216F042D1ED96200F8B012 /* HeaderView.swift */,
				3D216F062D1EDB6D00F8B012 /* FooterView.swift */,
				3D216F0E2D1EDF1000F8B012 /* GuideView.swift */,
				3D980CBF2D2150F1000B7336 /* InfoView.swift */,
			);
			path = View;
			sourceTree = "<group>";
		};
		3D216F092D1EDCAC00F8B012 /* Component */ = {
			isa = PBXGroup;
			children = (
				3D216F0A2D1EDCB600F8B012 /* HeaderComponent.swift */,
				3D216F0C2D1EDD3200F8B012 /* GuideComponent.swift */,
			);
			path = Component;
			sourceTree = "<group>";
		};
		3D980CC32D215194000B7336 /* Modifier */ = {
			isa = PBXGroup;
			children = (
				3D980CC12D21516D000B7336 /* TitleModifier.swift */,
				3D980CC42D21525D000B7336 /* ButtonModifier.swift */,
				3D980CC62D21609D000B7336 /* SymbolModifier.swift */,
			);
			path = Modifier;
			sourceTree = "<group>";
		};
		3D980CC82D2163DF000B7336 /* Extension */ = {
			isa = PBXGroup;
			children = (
				3D980CC92D2163F3000B7336 /* CardTransition.swift */,
			);
			path = Extension;
			sourceTree = "<group>";
		};
/* End PBXGroup section */

/* Begin PBXNativeTarget section */
		3D216EE12D1EC84900F8B012 /* Honeymoon */ = {
			isa = PBXNativeTarget;
			buildConfigurationList = 3D216EF02D1EC84B00F8B012 /* Build configuration list for PBXNativeTarget "Honeymoon" */;
			buildPhases = (
				3D216EDE2D1EC84900F8B012 /* Sources */,
				3D216EDF2D1EC84900F8B012 /* Frameworks */,
				3D216EE02D1EC84900F8B012 /* Resources */,
			);
			buildRules = (
			);
			dependencies = (
			);
			name = Honeymoon;
			productName = Honeymoon;
			productReference = 3D216EE22D1EC84900F8B012 /* Honeymoon.app */;
			productType = "com.apple.product-type.application";
		};
/* End PBXNativeTarget section */

/* Begin PBXProject section */
		3D216EDA2D1EC84800F8B012 /* Project object */ = {
			isa = PBXProject;
			attributes = {
				BuildIndependentTargetsInParallel = 1;
				LastSwiftUpdateCheck = 1430;
				LastUpgradeCheck = 1430;
				TargetAttributes = {
					3D216EE12D1EC84900F8B012 = {
						CreatedOnToolsVersion = 14.3.1;
					};
				};
			};
			buildConfigurationList = 3D216EDD2D1EC84800F8B012 /* Build configuration list for PBXProject "Honeymoon" */;
			compatibilityVersion = "Xcode 14.0";
			developmentRegion = en;
			hasScannedForEncodings = 0;
			knownRegions = (
				en,
				Base,
			);
			mainGroup = 3D216ED92D1EC84800F8B012;
			productRefGroup = 3D216EE32D1EC84900F8B012 /* Products */;
			projectDirPath = "";
			projectRoot = "";
			targets = (
				3D216EE12D1EC84900F8B012 /* Honeymoon */,
			);
		};
/* End PBXProject section */

/* Begin PBXResourcesBuildPhase section */
		3D216EE02D1EC84900F8B012 /* Resources */ = {
			isa = PBXResourcesBuildPhase;
			buildActionMask = 2147483647;
			files = (
				3D216EF42D1ECAB400F8B012 /* Sounds in Resources */,
				3D216EED2D1EC84B00F8B012 /* Preview Assets.xcassets in Resources */,
				3D216EF82D1ED37700F8B012 /* Launch Screen.storyboard in Resources */,
				3D216EEA2D1EC84B00F8B012 /* Assets.xcassets in Resources */,
			);
			runOnlyForDeploymentPostprocessing = 0;
		};
/* End PBXResourcesBuildPhase section */

/* Begin PBXSourcesBuildPhase section */
		3D216EDE2D1EC84900F8B012 /* Sources */ = {
			isa = PBXSourcesBuildPhase;
			buildActionMask = 2147483647;
			files = (
				3D216EFF2D1ED6CC00F8B012 /* HoneymoonData.swift in Sources */,
				3D980CC02D2150F1000B7336 /* InfoView.swift in Sources */,
				3D216F072D1EDB6D00F8B012 /* FooterView.swift in Sources */,
				3D980CC22D21516D000B7336 /* TitleModifier.swift in Sources */,
				3D980CCA2D2163F3000B7336 /* CardTransition.swift in Sources */,
				3D980CC72D21609D000B7336 /* SymbolModifier.swift in Sources */,
				3D216F052D1ED96200F8B012 /* HeaderView.swift in Sources */,
				3D216EFD2D1ED69000F8B012 /* HoneymoonModel.swift in Sources */,
				3D980CC52D21525D000B7336 /* ButtonModifier.swift in Sources */,
				3D216F0B2D1EDCB600F8B012 /* HeaderComponent.swift in Sources */,
				3D216EE82D1EC84900F8B012 /* ContentView.swift in Sources */,
				3D216EE62D1EC84900F8B012 /* HoneymoonApp.swift in Sources */,
				3D216F032D1ED74B00F8B012 /* CardView.swift in Sources */,
				3D216F0D2D1EDD3200F8B012 /* GuideComponent.swift in Sources */,
				3D216F0F2D1EDF1000F8B012 /* GuideView.swift in Sources */,
			);
			runOnlyForDeploymentPostprocessing = 0;
		};
/* End PBXSourcesBuildPhase section */

/* Begin XCBuildConfiguration section */
		3D216EEE2D1EC84B00F8B012 /* Debug */ = {
			isa = XCBuildConfiguration;
			buildSettings = {
				ALWAYS_SEARCH_USER_PATHS = NO;
				CLANG_ANALYZER_NONNULL = YES;
				CLANG_ANALYZER_NUMBER_OBJECT_CONVERSION = YES_AGGRESSIVE;
				CLANG_CXX_LANGUAGE_STANDARD = "gnu++20";
				CLANG_ENABLE_MODULES = YES;
				CLANG_ENABLE_OBJC_ARC = YES;
				CLANG_ENABLE_OBJC_WEAK = YES;
				CLANG_WARN_BLOCK_CAPTURE_AUTORELEASING = YES;
				CLANG_WARN_BOOL_CONVERSION = YES;
				CLANG_WARN_COMMA = YES;
				CLANG_WARN_CONSTANT_CONVERSION = YES;
				CLANG_WARN_DEPRECATED_OBJC_IMPLEMENTATIONS = YES;
				CLANG_WARN_DIRECT_OBJC_ISA_USAGE = YES_ERROR;
				CLANG_WARN_DOCUMENTATION_COMMENTS = YES;
				CLANG_WARN_EMPTY_BODY = YES;
				CLANG_WARN_ENUM_CONVERSION = YES;
				CLANG_WARN_INFINITE_RECURSION = YES;
				CLANG_WARN_INT_CONVERSION = YES;
				CLANG_WARN_NON_LITERAL_NULL_CONVERSION = YES;
				CLANG_WARN_OBJC_IMPLICIT_RETAIN_SELF = YES;
				CLANG_WARN_OBJC_LITERAL_CONVERSION = YES;
				CLANG_WARN_OBJC_ROOT_CLASS = YES_ERROR;
				CLANG_WARN_QUOTED_INCLUDE_IN_FRAMEWORK_HEADER = YES;
				CLANG_WARN_RANGE_LOOP_ANALYSIS = YES;
				CLANG_WARN_STRICT_PROTOTYPES = YES;
				CLANG_WARN_SUSPICIOUS_MOVE = YES;
				CLANG_WARN_UNGUARDED_AVAILABILITY = YES_AGGRESSIVE;
				CLANG_WARN_UNREACHABLE_CODE = YES;
				CLANG_WARN__DUPLICATE_METHOD_MATCH = YES;
				COPY_PHASE_STRIP = NO;
				DEBUG_INFORMATION_FORMAT = dwarf;
				ENABLE_STRICT_OBJC_MSGSEND = YES;
				ENABLE_TESTABILITY = YES;
				GCC_C_LANGUAGE_STANDARD = gnu11;
				GCC_DYNAMIC_NO_PIC = NO;
				GCC_NO_COMMON_BLOCKS = YES;
				GCC_OPTIMIZATION_LEVEL = 0;
				GCC_PREPROCESSOR_DEFINITIONS = (
					"DEBUG=1",
					"$(inherited)",
				);
				GCC_WARN_64_TO_32_BIT_CONVERSION = YES;
				GCC_WARN_ABOUT_RETURN_TYPE = YES_ERROR;
				GCC_WARN_UNDECLARED_SELECTOR = YES;
				GCC_WARN_UNINITIALIZED_AUTOS = YES_AGGRESSIVE;
				GCC_WARN_UNUSED_FUNCTION = YES;
				GCC_WARN_UNUSED_VARIABLE = YES;
				IPHONEOS_DEPLOYMENT_TARGET = 16.4;
				MTL_ENABLE_DEBUG_INFO = INCLUDE_SOURCE;
				MTL_FAST_MATH = YES;
				ONLY_ACTIVE_ARCH = YES;
				SDKROOT = iphoneos;
				SWIFT_ACTIVE_COMPILATION_CONDITIONS = DEBUG;
				SWIFT_OPTIMIZATION_LEVEL = "-Onone";
			};
			name = Debug;
		};
		3D216EEF2D1EC84B00F8B012 /* Release */ = {
			isa = XCBuildConfiguration;
			buildSettings = {
				ALWAYS_SEARCH_USER_PATHS = NO;
				CLANG_ANALYZER_NONNULL = YES;
				CLANG_ANALYZER_NUMBER_OBJECT_CONVERSION = YES_AGGRESSIVE;
				CLANG_CXX_LANGUAGE_STANDARD = "gnu++20";
				CLANG_ENABLE_MODULES = YES;
				CLANG_ENABLE_OBJC_ARC = YES;
				CLANG_ENABLE_OBJC_WEAK = YES;
				CLANG_WARN_BLOCK_CAPTURE_AUTORELEASING = YES;
				CLANG_WARN_BOOL_CONVERSION = YES;
				CLANG_WARN_COMMA = YES;
				CLANG_WARN_CONSTANT_CONVERSION = YES;
				CLANG_WARN_DEPRECATED_OBJC_IMPLEMENTATIONS = YES;
				CLANG_WARN_DIRECT_OBJC_ISA_USAGE = YES_ERROR;
				CLANG_WARN_DOCUMENTATION_COMMENTS = YES;
				CLANG_WARN_EMPTY_BODY = YES;
				CLANG_WARN_ENUM_CONVERSION = YES;
				CLANG_WARN_INFINITE_RECURSION = YES;
				CLANG_WARN_INT_CONVERSION = YES;
				CLANG_WARN_NON_LITERAL_NULL_CONVERSION = YES;
				CLANG_WARN_OBJC_IMPLICIT_RETAIN_SELF = YES;
				CLANG_WARN_OBJC_LITERAL_CONVERSION = YES;
				CLANG_WARN_OBJC_ROOT_CLASS = YES_ERROR;
				CLANG_WARN_QUOTED_INCLUDE_IN_FRAMEWORK_HEADER = YES;
				CLANG_WARN_RANGE_LOOP_ANALYSIS = YES;
				CLANG_WARN_STRICT_PROTOTYPES = YES;
				CLANG_WARN_SUSPICIOUS_MOVE = YES;
				CLANG_WARN_UNGUARDED_AVAILABILITY = YES_AGGRESSIVE;
				CLANG_WARN_UNREACHABLE_CODE = YES;
				CLANG_WARN__DUPLICATE_METHOD_MATCH = YES;
				COPY_PHASE_STRIP = NO;
				DEBUG_INFORMATION_FORMAT = "dwarf-with-dsym";
				ENABLE_NS_ASSERTIONS = NO;
				ENABLE_STRICT_OBJC_MSGSEND = YES;
				GCC_C_LANGUAGE_STANDARD = gnu11;
				GCC_NO_COMMON_BLOCKS = YES;
				GCC_WARN_64_TO_32_BIT_CONVERSION = YES;
				GCC_WARN_ABOUT_RETURN_TYPE = YES_ERROR;
				GCC_WARN_UNDECLARED_SELECTOR = YES;
				GCC_WARN_UNINITIALIZED_AUTOS = YES_AGGRESSIVE;
				GCC_WARN_UNUSED_FUNCTION = YES;
				GCC_WARN_UNUSED_VARIABLE = YES;
				IPHONEOS_DEPLOYMENT_TARGET = 16.4;
				MTL_ENABLE_DEBUG_INFO = NO;
				MTL_FAST_MATH = YES;
				SDKROOT = iphoneos;
				SWIFT_COMPILATION_MODE = wholemodule;
				SWIFT_OPTIMIZATION_LEVEL = "-O";
				VALIDATE_PRODUCT = YES;
			};
			name = Release;
		};
		3D216EF12D1EC84B00F8B012 /* Debug */ = {
			isa = XCBuildConfiguration;
			buildSettings = {
				ASSETCATALOG_COMPILER_APPICON_NAME = AppIcon;
				ASSETCATALOG_COMPILER_GLOBAL_ACCENT_COLOR_NAME = AccentColor;
				ASSETCATALOG_COMPILER_INCLUDE_ALL_APPICON_ASSETS = YES;
				CODE_SIGN_STYLE = Automatic;
				CURRENT_PROJECT_VERSION = 1;
				DEVELOPMENT_ASSET_PATHS = "\"Honeymoon/Preview Content\"";
				DEVELOPMENT_TEAM = PX63F4TNY3;
				ENABLE_PREVIEWS = YES;
				GENERATE_INFOPLIST_FILE = YES;
				INFOPLIST_KEY_UIApplicationSceneManifest_Generation = YES;
				INFOPLIST_KEY_UIApplicationSupportsIndirectInputEvents = YES;
				INFOPLIST_KEY_UILaunchScreen_Generation = YES;
				INFOPLIST_KEY_UILaunchStoryboardName = "Launch Screen.storyboard";
				INFOPLIST_KEY_UISupportedInterfaceOrientations = UIInterfaceOrientationPortrait;
				LD_RUNPATH_SEARCH_PATHS = (
					"$(inherited)",
					"@executable_path/Frameworks",
				);
				MARKETING_VERSION = 1.0;
				PRODUCT_BUNDLE_IDENTIFIER = com.dreamsoftware.Honeymoon;
				PRODUCT_NAME = "$(TARGET_NAME)";
				SWIFT_EMIT_LOC_STRINGS = YES;
				SWIFT_VERSION = 5.0;
				TARGETED_DEVICE_FAMILY = "1,2";
			};
			name = Debug;
		};
		3D216EF22D1EC84B00F8B012 /* Release */ = {
			isa = XCBuildConfiguration;
			buildSettings = {
				ASSETCATALOG_COMPILER_APPICON_NAME = AppIcon;
				ASSETCATALOG_COMPILER_GLOBAL_ACCENT_COLOR_NAME = AccentColor;
				ASSETCATALOG_COMPILER_INCLUDE_ALL_APPICON_ASSETS = YES;
				CODE_SIGN_STYLE = Automatic;
				CURRENT_PROJECT_VERSION = 1;
				DEVELOPMENT_ASSET_PATHS = "\"Honeymoon/Preview Content\"";
				DEVELOPMENT_TEAM = PX63F4TNY3;
				ENABLE_PREVIEWS = YES;
				GENERATE_INFOPLIST_FILE = YES;
				INFOPLIST_KEY_UIApplicationSceneManifest_Generation = YES;
				INFOPLIST_KEY_UIApplicationSupportsIndirectInputEvents = YES;
				INFOPLIST_KEY_UILaunchScreen_Generation = YES;
				INFOPLIST_KEY_UILaunchStoryboardName = "Launch Screen.storyboard";
				INFOPLIST_KEY_UISupportedInterfaceOrientations = UIInterfaceOrientationPortrait;
				LD_RUNPATH_SEARCH_PATHS = (
					"$(inherited)",
					"@executable_path/Frameworks",
				);
				MARKETING_VERSION = 1.0;
				PRODUCT_BUNDLE_IDENTIFIER = com.dreamsoftware.Honeymoon;
				PRODUCT_NAME = "$(TARGET_NAME)";
				SWIFT_EMIT_LOC_STRINGS = YES;
				SWIFT_VERSION = 5.0;
				TARGETED_DEVICE_FAMILY = "1,2";
			};
			name = Release;
		};
/* End XCBuildConfiguration section */

/* Begin XCConfigurationList section */
		3D216EDD2D1EC84800F8B012 /* Build configuration list for PBXProject "Honeymoon" */ = {
			isa = XCConfigurationList;
			buildConfigurations = (
				3D216EEE2D1EC84B00F8B012 /* Debug */,
				3D216EEF2D1EC84B00F8B012 /* Release */,
			);
			defaultConfigurationIsVisible = 0;
			defaultConfigurationName = Release;
		};
		3D216EF02D1EC84B00F8B012 /* Build configuration list for PBXNativeTarget "Honeymoon" */ = {
			isa = XCConfigurationList;
			buildConfigurations = (
				3D216EF12D1EC84B00F8B012 /* Debug */,
				3D216EF22D1EC84B00F8B012 /* Release */,
			);
			defaultConfigurationIsVisible = 0;
			defaultConfigurationName = Release;
		};
/* End XCConfigurationList section */
	};
	rootObject = 3D216EDA2D1EC84800F8B012 /* Project object */;
}
